{
  "name": "douban-movie",
  "version": "1.0.0",
  "lockfileVersion": 1,
  "requires": true,
  "dependencies": {
    "eruda": {
      "version": "1.5.4",
      "resolved": "http://registry.npm.taobao.org/eruda/download/eruda-1.5.4.tgz",
      "integrity": "sha1-ti/BBtj70tuLfDClpF6lCzbvBFU="
    }
  }
}
